# This file is @generated by PDM.
# It is not intended for manual editing.

[metadata]
groups = ["default", "test", "linter"]
strategy = ["cross_platform", "inherit_metadata"]
lock_version = "4.4.1"
content_hash = "sha256:5d1e327ed33641b42bc2e3fc1a83490d90cc3ecca7444630dffa393386005450"

[[package]]
name = "allpairspy"
version = "2.5.1"
requires_python = ">=3.7"
summary = "Pairwise test combinations generator"
groups = ["test"]
files = [
    {file = "allpairspy-2.5.1-py3-none-any.whl", hash = "sha256:3f97cbac2bbee86f4bfceffd0fd91dca740a120c78e9368af2bad81a2b3426e2"},
    {file = "allpairspy-2.5.1.tar.gz", hash = "sha256:f69d31a3b56eee119d1ec6063e9c732dd44fbba352ef738cb22d9699fc4009fe"},
]

[[package]]
name = "approval-utilities"
version = "12.2.1"
requires_python = ">=3.8"
summary = "Utilities for your production code that work well with approvaltests"
groups = ["test"]
files = [
    {file = "approval_utilities-12.2.1-py3-none-any.whl", hash = "sha256:9543f98a978f70e9250aae2373df420178375bc4735f3bb92e747eda12e846c4"},
    {file = "approval_utilities-12.2.1.tar.gz", hash = "sha256:b69772f813f892cee0cf8652df8e0f24faa2adbf5ce493c1adbccafe2464650b"},
]

[[package]]
name = "approvaltests"
version = "12.2.1"
requires_python = ">=3.8"
summary = "Assertion/verification library to aid testing"
groups = ["test"]
dependencies = [
    "allpairspy>=2.1.0",
    "approval-utilities==12.2.1",
    "beautifulsoup4>=4.4.0",
    "empty-files>=0.0.3",
    "mock>=5.1.0",
    "mrjob>=0.7.4",
    "pyperclip>=1.5.29",
    "pytest>=4.0.0",
    "testfixtures>=7.1.0",
    "typing-extensions>=3.6.2",
]
files = [
    {file = "approvaltests-12.2.1-py3-none-any.whl", hash = "sha256:a284561de839daff34ed329a42e26f118bd3441991eaf5786fff4c350a9f1558"},
    {file = "approvaltests-12.2.1.tar.gz", hash = "sha256:3648a7cec689fbd59bb290ad6a963498ecc8fe02f33de7435aae4b537cac5c98"},
]

[[package]]
name = "beautifulsoup4"
version = "4.12.3"
requires_python = ">=3.6.0"
summary = "Screen-scraping library"
groups = ["test"]
dependencies = [
    "soupsieve>1.2",
]
files = [
    {file = "beautifulsoup4-4.12.3-py3-none-any.whl", hash = "sha256:b80878c9f40111313e55da8ba20bdba06d8fa3969fc68304167741bbf9e082ed"},
    {file = "beautifulsoup4-4.12.3.tar.gz", hash = "sha256:74e3d1928edc070d21748185c46e3fb33490f22f52a3addee9aee0f4f7781051"},
]

[[package]]
name = "black"
version = "24.4.2"
requires_python = ">=3.8"
summary = "The uncompromising code formatter."
groups = ["linter"]
dependencies = [
    "click>=8.0.0",
    "mypy-extensions>=0.4.3",
    "packaging>=22.0",
    "pathspec>=0.9.0",
    "platformdirs>=2",
]
files = [
    {file = "black-24.4.2-cp312-cp312-macosx_10_9_x86_64.whl", hash = "sha256:accf49e151c8ed2c0cdc528691838afd217c50412534e876a19270fea1e28e2d"},
    {file = "black-24.4.2-cp312-cp312-macosx_11_0_arm64.whl", hash = "sha256:88c57dc656038f1ab9f92b3eb5335ee9b021412feaa46330d5eba4e51fe49b04"},
    {file = "black-24.4.2-cp312-cp312-manylinux_2_17_x86_64.manylinux2014_x86_64.whl", hash = "sha256:be8bef99eb46d5021bf053114442914baeb3649a89dc5f3a555c88737e5e98fc"},
    {file = "black-24.4.2-cp312-cp312-win_amd64.whl", hash = "sha256:415e686e87dbbe6f4cd5ef0fbf764af7b89f9057b97c908742b6008cc554b9c0"},
    {file = "black-24.4.2-py3-none-any.whl", hash = "sha256:d36ed1124bb81b32f8614555b34cc4259c3fbc7eec17870e8ff8ded335b58d8c"},
    {file = "black-24.4.2.tar.gz", hash = "sha256:c872b53057f000085da66a19c55d68f6f8ddcac2642392ad3a355878406fbd4d"},
]

[[package]]
name = "certifi"
version = "2024.6.2"
requires_python = ">=3.6"
summary = "Python package for providing Mozilla's CA Bundle."
groups = ["test"]
files = [
    {file = "certifi-2024.6.2-py3-none-any.whl", hash = "sha256:ddc6c8ce995e6987e7faf5e3f1b02b302836a0e5d98ece18392cb1a36c72ad56"},
    {file = "certifi-2024.6.2.tar.gz", hash = "sha256:3cd43f1c6fa7dedc5899d69d3ad0398fd018ad1a17fba83ddaf78aa46c747516"},
]

[[package]]
name = "charset-normalizer"
version = "3.3.2"
requires_python = ">=3.7.0"
summary = "The Real First Universal Charset Detector. Open, modern and actively maintained alternative to Chardet."
groups = ["test"]
files = [
    {file = "charset-normalizer-3.3.2.tar.gz", hash = "sha256:f30c3cb33b24454a82faecaf01b19c18562b1e89558fb6c56de4d9118a032fd5"},
    {file = "charset_normalizer-3.3.2-cp312-cp312-macosx_10_9_universal2.whl", hash = "sha256:0b2b64d2bb6d3fb9112bafa732def486049e63de9618b5843bcdd081d8144cd8"},
    {file = "charset_normalizer-3.3.2-cp312-cp312-macosx_10_9_x86_64.whl", hash = "sha256:ddbb2551d7e0102e7252db79ba445cdab71b26640817ab1e3e3648dad515003b"},
    {file = "charset_normalizer-3.3.2-cp312-cp312-macosx_11_0_arm64.whl", hash = "sha256:55086ee1064215781fff39a1af09518bc9255b50d6333f2e4c74ca09fac6a8f6"},
    {file = "charset_normalizer-3.3.2-cp312-cp312-manylinux_2_17_aarch64.manylinux2014_aarch64.whl", hash = "sha256:8f4a014bc36d3c57402e2977dada34f9c12300af536839dc38c0beab8878f38a"},
    {file = "charset_normalizer-3.3.2-cp312-cp312-manylinux_2_17_ppc64le.manylinux2014_ppc64le.whl", hash = "sha256:a10af20b82360ab00827f916a6058451b723b4e65030c5a18577c8b2de5b3389"},
    {file = "charset_normalizer-3.3.2-cp312-cp312-manylinux_2_17_s390x.manylinux2014_s390x.whl", hash = "sha256:8d756e44e94489e49571086ef83b2bb8ce311e730092d2c34ca8f7d925cb20aa"},
    {file = "charset_normalizer-3.3.2-cp312-cp312-manylinux_2_17_x86_64.manylinux2014_x86_64.whl", hash = "sha256:90d558489962fd4918143277a773316e56c72da56ec7aa3dc3dbbe20fdfed15b"},
    {file = "charset_normalizer-3.3.2-cp312-cp312-manylinux_2_5_i686.manylinux1_i686.manylinux_2_17_i686.manylinux2014_i686.whl", hash = "sha256:6ac7ffc7ad6d040517be39eb591cac5ff87416c2537df6ba3cba3bae290c0fed"},
    {file = "charset_normalizer-3.3.2-cp312-cp312-musllinux_1_1_aarch64.whl", hash = "sha256:7ed9e526742851e8d5cc9e6cf41427dfc6068d4f5a3bb03659444b4cabf6bc26"},
    {file = "charset_normalizer-3.3.2-cp312-cp312-musllinux_1_1_i686.whl", hash = "sha256:8bdb58ff7ba23002a4c5808d608e4e6c687175724f54a5dade5fa8c67b604e4d"},
    {file = "charset_normalizer-3.3.2-cp312-cp312-musllinux_1_1_ppc64le.whl", hash = "sha256:6b3251890fff30ee142c44144871185dbe13b11bab478a88887a639655be1068"},
    {file = "charset_normalizer-3.3.2-cp312-cp312-musllinux_1_1_s390x.whl", hash = "sha256:b4a23f61ce87adf89be746c8a8974fe1c823c891d8f86eb218bb957c924bb143"},
    {file = "charset_normalizer-3.3.2-cp312-cp312-musllinux_1_1_x86_64.whl", hash = "sha256:efcb3f6676480691518c177e3b465bcddf57cea040302f9f4e6e191af91174d4"},
    {file = "charset_normalizer-3.3.2-cp312-cp312-win32.whl", hash = "sha256:d965bba47ddeec8cd560687584e88cf699fd28f192ceb452d1d7ee807c5597b7"},
    {file = "charset_normalizer-3.3.2-cp312-cp312-win_amd64.whl", hash = "sha256:96b02a3dc4381e5494fad39be677abcb5e6634bf7b4fa83a6dd3112607547001"},
    {file = "charset_normalizer-3.3.2-py3-none-any.whl", hash = "sha256:3e4d1f6587322d2788836a99c69062fbb091331ec940e02d12d179c1d53e25fc"},
]

[[package]]
name = "click"
version = "8.1.7"
requires_python = ">=3.7"
summary = "Composable command line interface toolkit"
groups = ["linter"]
dependencies = [
    "colorama; platform_system == \"Windows\"",
]
files = [
    {file = "click-8.1.7-py3-none-any.whl", hash = "sha256:ae74fb96c20a0277a1d615f1e4d73c8414f5a98db8b799a7931d1582f3390c28"},
    {file = "click-8.1.7.tar.gz", hash = "sha256:ca9853ad459e787e2192211578cc907e7594e294c7ccc834310722b41b9ca6de"},
]

[[package]]
name = "colorama"
version = "0.4.6"
requires_python = "!=3.0.*,!=3.1.*,!=3.2.*,!=3.3.*,!=3.4.*,!=3.5.*,!=3.6.*,>=2.7"
summary = "Cross-platform colored terminal text."
groups = ["linter", "test"]
marker = "sys_platform == \"win32\" or platform_system == \"Windows\""
files = [
    {file = "colorama-0.4.6-py2.py3-none-any.whl", hash = "sha256:4f1d9991f5acc0ca119f9d443620b77f9d6b33703e51011c16baf57afb285fc6"},
    {file = "colorama-0.4.6.tar.gz", hash = "sha256:08695f5cb7ed6e0531a20572697297273c47b8cae5a63ffc6d6ed5c201be6e44"},
]

[[package]]
name = "coverage"
version = "7.5.4"
requires_python = ">=3.8"
summary = "Code coverage measurement for Python"
groups = ["test"]
files = [
    {file = "coverage-7.5.4-cp312-cp312-macosx_10_9_x86_64.whl", hash = "sha256:54317c2b806354cbb2dc7ac27e2b93f97096912cc16b18289c5d4e44fc663233"},
    {file = "coverage-7.5.4-cp312-cp312-macosx_11_0_arm64.whl", hash = "sha256:042183de01f8b6d531e10c197f7f0315a61e8d805ab29c5f7b51a01d62782747"},
    {file = "coverage-7.5.4-cp312-cp312-manylinux_2_17_aarch64.manylinux2014_aarch64.whl", hash = "sha256:a6bb74ed465d5fb204b2ec41d79bcd28afccf817de721e8a807d5141c3426638"},
    {file = "coverage-7.5.4-cp312-cp312-manylinux_2_5_i686.manylinux1_i686.manylinux_2_17_i686.manylinux2014_i686.whl", hash = "sha256:b3d45ff86efb129c599a3b287ae2e44c1e281ae0f9a9bad0edc202179bcc3a2e"},
    {file = "coverage-7.5.4-cp312-cp312-manylinux_2_5_x86_64.manylinux1_x86_64.manylinux_2_17_x86_64.manylinux2014_x86_64.whl", hash = "sha256:5013ed890dc917cef2c9f765c4c6a8ae9df983cd60dbb635df8ed9f4ebc9f555"},
    {file = "coverage-7.5.4-cp312-cp312-musllinux_1_2_aarch64.whl", hash = "sha256:1014fbf665fef86cdfd6cb5b7371496ce35e4d2a00cda501cf9f5b9e6fced69f"},
    {file = "coverage-7.5.4-cp312-cp312-musllinux_1_2_i686.whl", hash = "sha256:3684bc2ff328f935981847082ba4fdc950d58906a40eafa93510d1b54c08a66c"},
    {file = "coverage-7.5.4-cp312-cp312-musllinux_1_2_x86_64.whl", hash = "sha256:581ea96f92bf71a5ec0974001f900db495488434a6928a2ca7f01eee20c23805"},
    {file = "coverage-7.5.4-cp312-cp312-win32.whl", hash = "sha256:73ca8fbc5bc622e54627314c1a6f1dfdd8db69788f3443e752c215f29fa87a0b"},
    {file = "coverage-7.5.4-cp312-cp312-win_amd64.whl", hash = "sha256:cef4649ec906ea7ea5e9e796e68b987f83fa9a718514fe147f538cfeda76d7a7"},
    {file = "coverage-7.5.4-pp38.pp39.pp310-none-any.whl", hash = "sha256:79b356f3dd5b26f3ad23b35c75dbdaf1f9e2450b6bcefc6d0825ea0aa3f86ca5"},
    {file = "coverage-7.5.4.tar.gz", hash = "sha256:a44963520b069e12789d0faea4e9fdb1e410cdc4aab89d94f7f55cbb7fef0353"},
]

[[package]]
name = "coverage"
version = "7.5.4"
extras = ["toml"]
requires_python = ">=3.8"
summary = "Code coverage measurement for Python"
groups = ["test"]
dependencies = [
    "coverage==7.5.4",
]
files = [
    {file = "coverage-7.5.4-cp312-cp312-macosx_10_9_x86_64.whl", hash = "sha256:54317c2b806354cbb2dc7ac27e2b93f97096912cc16b18289c5d4e44fc663233"},
    {file = "coverage-7.5.4-cp312-cp312-macosx_11_0_arm64.whl", hash = "sha256:042183de01f8b6d531e10c197f7f0315a61e8d805ab29c5f7b51a01d62782747"},
    {file = "coverage-7.5.4-cp312-cp312-manylinux_2_17_aarch64.manylinux2014_aarch64.whl", hash = "sha256:a6bb74ed465d5fb204b2ec41d79bcd28afccf817de721e8a807d5141c3426638"},
    {file = "coverage-7.5.4-cp312-cp312-manylinux_2_5_i686.manylinux1_i686.manylinux_2_17_i686.manylinux2014_i686.whl", hash = "sha256:b3d45ff86efb129c599a3b287ae2e44c1e281ae0f9a9bad0edc202179bcc3a2e"},
    {file = "coverage-7.5.4-cp312-cp312-manylinux_2_5_x86_64.manylinux1_x86_64.manylinux_2_17_x86_64.manylinux2014_x86_64.whl", hash = "sha256:5013ed890dc917cef2c9f765c4c6a8ae9df983cd60dbb635df8ed9f4ebc9f555"},
    {file = "coverage-7.5.4-cp312-cp312-musllinux_1_2_aarch64.whl", hash = "sha256:1014fbf665fef86cdfd6cb5b7371496ce35e4d2a00cda501cf9f5b9e6fced69f"},
    {file = "coverage-7.5.4-cp312-cp312-musllinux_1_2_i686.whl", hash = "sha256:3684bc2ff328f935981847082ba4fdc950d58906a40eafa93510d1b54c08a66c"},
    {file = "coverage-7.5.4-cp312-cp312-musllinux_1_2_x86_64.whl", hash = "sha256:581ea96f92bf71a5ec0974001f900db495488434a6928a2ca7f01eee20c23805"},
    {file = "coverage-7.5.4-cp312-cp312-win32.whl", hash = "sha256:73ca8fbc5bc622e54627314c1a6f1dfdd8db69788f3443e752c215f29fa87a0b"},
    {file = "coverage-7.5.4-cp312-cp312-win_amd64.whl", hash = "sha256:cef4649ec906ea7ea5e9e796e68b987f83fa9a718514fe147f538cfeda76d7a7"},
    {file = "coverage-7.5.4-pp38.pp39.pp310-none-any.whl", hash = "sha256:79b356f3dd5b26f3ad23b35c75dbdaf1f9e2450b6bcefc6d0825ea0aa3f86ca5"},
    {file = "coverage-7.5.4.tar.gz", hash = "sha256:a44963520b069e12789d0faea4e9fdb1e410cdc4aab89d94f7f55cbb7fef0353"},
]

[[package]]
name = "empty-files"
version = "0.0.9"
requires_python = ">=3.7.1"
summary = "Serves empty files of many types"
groups = ["test"]
dependencies = [
    "requests",
]
files = [
    {file = "empty-files-0.0.9.tar.gz", hash = "sha256:22e74de327271ef9592a661aaa53bb1d5fa6cfd539dac7315625c8b30b7292ae"},
    {file = "empty_files-0.0.9-py3-none-any.whl", hash = "sha256:9af04feacd5858d1255a00e76926a2d760f6d05c3c5a8df58abd6be21da742c2"},
]

[[package]]
name = "idna"
version = "3.7"
requires_python = ">=3.5"
summary = "Internationalized Domain Names in Applications (IDNA)"
groups = ["test"]
files = [
    {file = "idna-3.7-py3-none-any.whl", hash = "sha256:82fee1fc78add43492d3a1898bfa6d8a904cc97d8427f683ed8e798d07761aa0"},
    {file = "idna-3.7.tar.gz", hash = "sha256:028ff3aadf0609c1fd278d8ea3089299412a7a8b9bd005dd08b9f8285bcb5cfc"},
]

[[package]]
name = "iniconfig"
version = "2.0.0"
requires_python = ">=3.7"
summary = "brain-dead simple config-ini parsing"
groups = ["test"]
files = [
    {file = "iniconfig-2.0.0-py3-none-any.whl", hash = "sha256:b6a85871a79d2e3b22d2d1b94ac2824226a63c6b741c88f7ae975f18b6778374"},
    {file = "iniconfig-2.0.0.tar.gz", hash = "sha256:2d91e135bf72d31a410b17c16da610a82cb55f6b0477d1a902134b24a455b8b3"},
]

[[package]]
name = "mock"
version = "5.1.0"
requires_python = ">=3.6"
summary = "Rolling backport of unittest.mock for all Pythons"
groups = ["test"]
files = [
    {file = "mock-5.1.0-py3-none-any.whl", hash = "sha256:18c694e5ae8a208cdb3d2c20a993ca1a7b0efa258c247a1e565150f477f83744"},
    {file = "mock-5.1.0.tar.gz", hash = "sha256:5e96aad5ccda4718e0a229ed94b2024df75cc2d55575ba5762d31f5767b8767d"},
]

[[package]]
name = "mrjob"
version = "0.7.4"
summary = "Python MapReduce framework"
groups = ["test"]
dependencies = [
    "PyYAML>=3.10",
]
files = [
    {file = "mrjob-0.7.4-py2.py3-none-any.whl", hash = "sha256:d8fa1bafcada0ffe3e7166896a27e996815e2cb835088aec025e3dd12c7146ce"},
    {file = "mrjob-0.7.4.tar.gz", hash = "sha256:2c8d8dc8aa4b354a97de18d0260f551f018693af74af104b3d41daf165eebdd4"},
]

[[package]]
name = "mypy"
version = "1.10.1"
requires_python = ">=3.8"
summary = "Optional static typing for Python"
groups = ["linter"]
dependencies = [
    "mypy-extensions>=1.0.0",
    "typing-extensions>=4.1.0",
]
files = [
    {file = "mypy-1.10.1-cp312-cp312-macosx_10_9_x86_64.whl", hash = "sha256:d8681909f7b44d0b7b86e653ca152d6dff0eb5eb41694e163c6092124f8246d7"},
    {file = "mypy-1.10.1-cp312-cp312-macosx_11_0_arm64.whl", hash = "sha256:378c03f53f10bbdd55ca94e46ec3ba255279706a6aacaecac52ad248f98205d3"},
    {file = "mypy-1.10.1-cp312-cp312-manylinux_2_17_x86_64.manylinux2014_x86_64.whl", hash = "sha256:6bacf8f3a3d7d849f40ca6caea5c055122efe70e81480c8328ad29c55c69e93e"},
    {file = "mypy-1.10.1-cp312-cp312-musllinux_1_1_x86_64.whl", hash = "sha256:701b5f71413f1e9855566a34d6e9d12624e9e0a8818a5704d74d6b0402e66c04"},
    {file = "mypy-1.10.1-cp312-cp312-win_amd64.whl", hash = "sha256:3c4c2992f6ea46ff7fce0072642cfb62af7a2484efe69017ed8b095f7b39ef31"},
    {file = "mypy-1.10.1-py3-none-any.whl", hash = "sha256:71d8ac0b906354ebda8ef1673e5fde785936ac1f29ff6987c7483cfbd5a4235a"},
    {file = "mypy-1.10.1.tar.gz", hash = "sha256:1f8f492d7db9e3593ef42d4f115f04e556130f2819ad33ab84551403e97dd4c0"},
]

[[package]]
name = "mypy-extensions"
version = "1.0.0"
requires_python = ">=3.5"
summary = "Type system extensions for programs checked with the mypy type checker."
groups = ["linter"]
files = [
    {file = "mypy_extensions-1.0.0-py3-none-any.whl", hash = "sha256:4392f6c0eb8a5668a69e23d168ffa70f0be9ccfd32b5cc2d26a34ae5b844552d"},
    {file = "mypy_extensions-1.0.0.tar.gz", hash = "sha256:75dbf8955dc00442a438fc4d0666508a9a97b6bd41aa2f0ffe9d2f2725af0782"},
]

[[package]]
name = "packaging"
version = "24.1"
requires_python = ">=3.8"
summary = "Core utilities for Python packages"
groups = ["linter", "test"]
files = [
    {file = "packaging-24.1-py3-none-any.whl", hash = "sha256:5b8f2217dbdbd2f7f384c41c628544e6d52f2d0f53c6d0c3ea61aa5d1d7ff124"},
    {file = "packaging-24.1.tar.gz", hash = "sha256:026ed72c8ed3fcce5bf8950572258698927fd1dbda10a5e981cdf0ac37f4f002"},
]

[[package]]
name = "pathspec"
version = "0.12.1"
requires_python = ">=3.8"
summary = "Utility library for gitignore style pattern matching of file paths."
groups = ["linter"]
files = [
    {file = "pathspec-0.12.1-py3-none-any.whl", hash = "sha256:a0d503e138a4c123b27490a4f7beda6a01c6f288df0e4a8b79c7eb0dc7b4cc08"},
    {file = "pathspec-0.12.1.tar.gz", hash = "sha256:a482d51503a1ab33b1c67a6c3813a26953dbdc71c31dacaef9a838c4e29f5712"},
]

[[package]]
name = "platformdirs"
version = "4.2.2"
requires_python = ">=3.8"
summary = "A small Python package for determining appropriate platform-specific dirs, e.g. a `user data dir`."
groups = ["linter"]
files = [
    {file = "platformdirs-4.2.2-py3-none-any.whl", hash = "sha256:2d7a1657e36a80ea911db832a8a6ece5ee53d8de21edd5cc5879af6530b1bfee"},
    {file = "platformdirs-4.2.2.tar.gz", hash = "sha256:38b7b51f512eed9e84a22788b4bce1de17c0adb134d6becb09836e37d8654cd3"},
]

[[package]]
name = "pluggy"
version = "1.5.0"
requires_python = ">=3.8"
summary = "plugin and hook calling mechanisms for python"
groups = ["test"]
files = [
    {file = "pluggy-1.5.0-py3-none-any.whl", hash = "sha256:44e1ad92c8ca002de6377e165f3e0f1be63266ab4d554740532335b9d75ea669"},
    {file = "pluggy-1.5.0.tar.gz", hash = "sha256:2cffa88e94fdc978c4c574f15f9e59b7f4201d439195c3715ca9e2486f1d0cf1"},
]

[[package]]
name = "pyperclip"
version = "1.9.0"
summary = "A cross-platform clipboard module for Python. (Only handles plain text for now.)"
groups = ["test"]
files = [
    {file = "pyperclip-1.9.0.tar.gz", hash = "sha256:b7de0142ddc81bfc5c7507eea19da920b92252b548b96186caf94a5e2527d310"},
]

[[package]]
name = "pytest"
version = "8.2.2"
requires_python = ">=3.8"
summary = "pytest: simple powerful testing with Python"
groups = ["test"]
dependencies = [
    "colorama; sys_platform == \"win32\"",
    "iniconfig",
    "packaging",
    "pluggy<2.0,>=1.5",
]
files = [
    {file = "pytest-8.2.2-py3-none-any.whl", hash = "sha256:c434598117762e2bd304e526244f67bf66bbd7b5d6cf22138be51ff661980343"},
    {file = "pytest-8.2.2.tar.gz", hash = "sha256:de4bb8104e201939ccdc688b27a89a7be2079b22e2bd2b07f806b6ba71117977"},
]

[[package]]
name = "pytest-approvaltests"
version = "0.2.4"
requires_python = ">=3.6.1"
summary = "A plugin to use approvaltests with pytest"
groups = ["test"]
dependencies = [
    "approvaltests",
    "pytest>=7.0.1",
]
files = [
    {file = "pytest-approvaltests-0.2.4.tar.gz", hash = "sha256:325fafdc1ed49d10f88f072c3305b3d35557cbc15748d835be3020db4092e9a6"},
    {file = "pytest_approvaltests-0.2.4-py3-none-any.whl", hash = "sha256:199ad1cac8ebcbf681f4876d07bf3bbb8bdfa49396e16747027f6bac2fa0a075"},
]

[[package]]
name = "pytest-cov"
version = "5.0.0"
requires_python = ">=3.8"
summary = "Pytest plugin for measuring coverage."
groups = ["test"]
dependencies = [
    "coverage[toml]>=5.2.1",
    "pytest>=4.6",
]
files = [
    {file = "pytest-cov-5.0.0.tar.gz", hash = "sha256:5837b58e9f6ebd335b0f8060eecce69b662415b16dc503883a02f45dfeb14857"},
    {file = "pytest_cov-5.0.0-py3-none-any.whl", hash = "sha256:4f0764a1219df53214206bf1feea4633c3b558a2925c8b59f144f682861ce652"},
]

[[package]]
name = "pyyaml"
version = "6.0.1"
requires_python = ">=3.6"
summary = "YAML parser and emitter for Python"
groups = ["test"]
files = [
    {file = "PyYAML-6.0.1-cp312-cp312-macosx_10_9_x86_64.whl", hash = "sha256:855fb52b0dc35af121542a76b9a84f8d1cd886ea97c84703eaa6d88e37a2ad28"},
    {file = "PyYAML-6.0.1-cp312-cp312-macosx_11_0_arm64.whl", hash = "sha256:40df9b996c2b73138957fe23a16a4f0ba614f4c0efce1e9406a184b6d07fa3a9"},
    {file = "PyYAML-6.0.1-cp312-cp312-manylinux_2_17_aarch64.manylinux2014_aarch64.whl", hash = "sha256:a08c6f0fe150303c1c6b71ebcd7213c2858041a7e01975da3a99aed1e7a378ef"},
    {file = "PyYAML-6.0.1-cp312-cp312-manylinux_2_17_x86_64.manylinux2014_x86_64.whl", hash = "sha256:6c22bec3fbe2524cde73d7ada88f6566758a8f7227bfbf93a408a9d86bcc12a0"},
    {file = "PyYAML-6.0.1-cp312-cp312-musllinux_1_1_x86_64.whl", hash = "sha256:8d4e9c88387b0f5c7d5f281e55304de64cf7f9c0021a3525bd3b1c542da3b0e4"},
    {file = "PyYAML-6.0.1-cp312-cp312-win32.whl", hash = "sha256:d483d2cdf104e7c9fa60c544d92981f12ad66a457afae824d146093b8c294c54"},
    {file = "PyYAML-6.0.1-cp312-cp312-win_amd64.whl", hash = "sha256:0d3304d8c0adc42be59c5f8a4d9e3d7379e6955ad754aa9d6ab7a398b59dd1df"},
    {file = "PyYAML-6.0.1.tar.gz", hash = "sha256:bfdf460b1736c775f2ba9f6a92bca30bc2095067b8a9d77876d1fad6cc3b4a43"},
]

[[package]]
name = "requests"
version = "2.32.3"
requires_python = ">=3.8"
summary = "Python HTTP for Humans."
groups = ["test"]
dependencies = [
    "certifi>=2017.4.17",
    "charset-normalizer<4,>=2",
    "idna<4,>=2.5",
    "urllib3<3,>=1.21.1",
]
files = [
    {file = "requests-2.32.3-py3-none-any.whl", hash = "sha256:70761cfe03c773ceb22aa2f671b4757976145175cdfca038c02654d061d6dcc6"},
    {file = "requests-2.32.3.tar.gz", hash = "sha256:55365417734eb18255590a9ff9eb97e9e1da868d4ccd6402399eaf68af20a760"},
]

[[package]]
name = "soupsieve"
version = "2.5"
requires_python = ">=3.8"
summary = "A modern CSS selector implementation for Beautiful Soup."
groups = ["test"]
files = [
    {file = "soupsieve-2.5-py3-none-any.whl", hash = "sha256:eaa337ff55a1579b6549dc679565eac1e3d000563bcb1c8ab0d0fefbc0c2cdc7"},
    {file = "soupsieve-2.5.tar.gz", hash = "sha256:5663d5a7b3bfaeee0bc4372e7fc48f9cff4940b3eec54a6451cc5299f1097690"},
]

[[package]]
name = "testfixtures"
version = "8.3.0"
requires_python = ">=3.7"
summary = "A collection of helpers and mock objects for unit tests and doc tests."
groups = ["test"]
files = [
    {file = "testfixtures-8.3.0-py3-none-any.whl", hash = "sha256:3d1e0e0005c4d6ac2a2ab27916704c6471047f0d2f78f2e54adf20abdacc7b10"},
    {file = "testfixtures-8.3.0.tar.gz", hash = "sha256:d4c0b84af2f267610f908009b50d6f983a4e58ade22c67bab6787b5a402d59c0"},
]

[[package]]
name = "typing-extensions"
version = "4.12.2"
requires_python = ">=3.8"
summary = "Backported and Experimental Type Hints for Python 3.8+"
groups = ["linter", "test"]
files = [
    {file = "typing_extensions-4.12.2-py3-none-any.whl", hash = "sha256:04e5ca0351e0f3f85c6853954072df659d0d13fac324d0072316b67d7794700d"},
    {file = "typing_extensions-4.12.2.tar.gz", hash = "sha256:1a7ead55c7e559dd4dee8856e3a88b41225abfe1ce8df57b7c13915fe121ffb8"},
]

[[package]]
name = "urllib3"
version = "2.2.2"
requires_python = ">=3.8"
summary = "HTTP library with thread-safe connection pooling, file post, and more."
groups = ["test"]
files = [
    {file = "urllib3-2.2.2-py3-none-any.whl", hash = "sha256:a448b2f64d686155468037e1ace9f2d2199776e17f0a46610480d311f73e3472"},
    {file = "urllib3-2.2.2.tar.gz", hash = "sha256:dd505485549a7a552833da5e6063639d0d177c04f23bc3864e41e5dc5f612168"},
]
